# Generated by pub
# See https://dart.dev/tools/pub/glossary#lockfile
packages:
  _fe_analyzer_shared:
    dependency: transitive
    description:
      name: _fe_analyzer_shared
      sha256: "0c80aeab9bc807ab10022cd3b2f4cf2ecdf231949dc1ddd9442406a003f19201"
      url: "https://pub.dev"
    source: hosted
    version: "52.0.0"
  _flutterfire_internals:
    dependency: transitive
    description:
      name: _flutterfire_internals
      sha256: "64fcb0dbca4386356386c085142fa6e79c00a3326ceaa778a2d25f5d9ba61441"
      url: "https://pub.dev"
    source: hosted
    version: "1.0.16"
  analyzer:
    dependency: transitive
    description:
      name: analyzer
      sha256: cd8ee83568a77f3ae6b913a36093a1c9b1264e7cb7f834d9ddd2311dade9c1f4
      url: "https://pub.dev"
    source: hosted
    version: "5.4.0"
  analyzer_plugin:
    dependency: transitive
    description:
      name: analyzer_plugin
      sha256: c1d5f167683de03d5ab6c3b53fc9aeefc5d59476e7810ba7bbddff50c6f4392d
      url: "https://pub.dev"
    source: hosted
    version: "0.11.2"
  animate_do:
    dependency: "direct main"
    description:
      name: animate_do
      sha256: "9aeacc1a7238f971c039bdf45d13c628be554a242e0251c4ddda09d19a1a923f"
      url: "https://pub.dev"
    source: hosted
    version: "3.0.2"
  animated_flip_counter:
    dependency: "direct main"
    description:
      name: animated_flip_counter
      sha256: abbb8368bf30cb027af59a1ed3747868790070d70c24405ce39dcd65fd3eba33
      url: "https://pub.dev"
    source: hosted
    version: "0.2.5"
  animated_path:
    dependency: "direct main"
    description:
      name: animated_path
      sha256: "2d307560f17bc719dd1b3a381dc097092bdcf3d0db2b3d5e19de55fd797b22c3"
      url: "https://pub.dev"
    source: hosted
    version: "0.0.2"
  animations:
    dependency: "direct main"
    description:
      name: animations
      sha256: fe8a6bdca435f718bb1dc8a11661b2c22504c6da40ef934cee8327ed77934164
      url: "https://pub.dev"
    source: hosted
    version: "2.0.7"
  archive:
    dependency: transitive
    description:
      name: archive
      sha256: "793964beb8e297995714326628881437d4211f10fc8843534bab54129cd896ee"
      url: "https://pub.dev"
    source: hosted
    version: "3.3.1"
  args:
    dependency: transitive
    description:
      name: args
      sha256: b003c3098049a51720352d219b0bb5f219b60fbfb68e7a4748139a06a5676515
      url: "https://pub.dev"
    source: hosted
    version: "2.3.1"
  async:
    dependency: transitive
    description:
      name: async
      sha256: bfe67ef28df125b7dddcea62755991f807aa39a2492a23e1550161692950bbe0
      url: "https://pub.dev"
    source: hosted
    version: "2.10.0"
  boolean_selector:
    dependency: transitive
    description:
      name: boolean_selector
      sha256: "6cfb5af12253eaf2b368f07bacc5a80d1301a071c73360d746b7f2e32d762c66"
      url: "https://pub.dev"
    source: hosted
    version: "2.1.1"
  characters:
    dependency: transitive
    description:
      name: characters
      sha256: "04a925763edad70e8443c99234dc3328f442e811f1d8fd1a72f1c8ad0f69a605"
      url: "https://pub.dev"
    source: hosted
    version: "1.3.0"
  checked_yaml:
    dependency: transitive
    description:
      name: checked_yaml
      sha256: dd007e4fb8270916820a0d66e24f619266b60773cddd082c6439341645af2659
      url: "https://pub.dev"
    source: hosted
    version: "2.0.1"
  cli_util:
    dependency: transitive
    description:
      name: cli_util
      sha256: "66f86e916d285c1a93d3b79587d94bd71984a66aac4ff74e524cfa7877f1395c"
      url: "https://pub.dev"
    source: hosted
    version: "0.3.5"
  clock:
    dependency: transitive
    description:
      name: clock
      sha256: cb6d7f03e1de671e34607e909a7213e31d7752be4fb66a86d29fe1eb14bfb5cf
      url: "https://pub.dev"
    source: hosted
    version: "1.1.1"
  cloud_firestore:
    dependency: "direct main"
    description:
      name: cloud_firestore
      sha256: "65f148d9f5b4f389320abb45847120cf5e46094c1a8cbc64934ffc1e29688596"
      url: "https://pub.dev"
    source: hosted
    version: "4.4.3"
  cloud_firestore_platform_interface:
    dependency: transitive
    description:
      name: cloud_firestore_platform_interface
      sha256: "43ccae09f7e0c82752e69c251c6dc5efcdff4ddcfc09564175a28657bbd74188"
      url: "https://pub.dev"
    source: hosted
    version: "5.11.3"
  cloud_firestore_web:
    dependency: transitive
    description:
      name: cloud_firestore_web
      sha256: e054c007217e28e07179bbae0564c2a4f6338a60bddb0c139e4834e953f4b95c
      url: "https://pub.dev"
    source: hosted
    version: "3.3.3"
  collection:
    dependency: transitive
    description:
      name: collection
      sha256: "4a07be6cb69c84d677a6c3096fcf960cc3285a8330b4603e0d463d15d9bd934c"
      url: "https://pub.dev"
    source: hosted
    version: "1.17.1"
  convert:
    dependency: transitive
    description:
      name: convert
      sha256: "0f08b14755d163f6e2134cb58222dd25ea2a2ee8a195e53983d57c075324d592"
      url: "https://pub.dev"
    source: hosted
    version: "3.1.1"
  cross_file:
    dependency: transitive
    description:
      name: cross_file
      sha256: f71079978789bc2fe78d79227f1f8cfe195b31bbd8db2399b0d15a4b96fb843b
      url: "https://pub.dev"
    source: hosted
    version: "0.3.3+2"
  crypto:
    dependency: transitive
    description:
      name: crypto
      sha256: aa274aa7774f8964e4f4f38cc994db7b6158dd36e9187aaceaddc994b35c6c67
      url: "https://pub.dev"
    source: hosted
    version: "3.0.2"
  cupertino_icons:
    dependency: "direct main"
    description:
      name: cupertino_icons
      sha256: e35129dc44c9118cee2a5603506d823bab99c68393879edb440e0090d07586be
      url: "https://pub.dev"
    source: hosted
    version: "1.0.5"
  custom_lint:
    dependency: transitive
    description:
      name: custom_lint
      sha256: "324e7026902f34e180d8d27e08a89dbbe3dd8a54e0c3852a0df0db0f4046120b"
      url: "https://pub.dev"
    source: hosted
    version: "0.2.12"
  custom_lint_builder:
    dependency: transitive
    description:
      name: custom_lint_builder
      sha256: "4f4d640f86a4d8b938e27840a1c712f79c33c47e7ce373e0b9b9abe30451a61c"
      url: "https://pub.dev"
    source: hosted
    version: "0.2.12"
  custom_lint_core:
    dependency: transitive
    description:
      name: custom_lint_core
      sha256: "34a9447102de5741d6dc464c4824a4173b20b91d5685589ea652b051dda1f461"
      url: "https://pub.dev"
    source: hosted
    version: "0.2.12"
  dart_style:
    dependency: transitive
    description:
      name: dart_style
      sha256: "7a03456c3490394c8e7665890333e91ae8a49be43542b616e414449ac358acd4"
      url: "https://pub.dev"
    source: hosted
    version: "2.2.4"
  fake_async:
    dependency: transitive
    description:
      name: fake_async
      sha256: "511392330127add0b769b75a987850d136345d9227c6b94c96a04cf4a391bf78"
      url: "https://pub.dev"
    source: hosted
    version: "1.3.1"
  ffi:
    dependency: transitive
    description:
      name: ffi
      sha256: a38574032c5f1dd06c4aee541789906c12ccaab8ba01446e800d9c5b79c4a978
      url: "https://pub.dev"
    source: hosted
    version: "2.0.1"
  file:
    dependency: transitive
    description:
      name: file
      sha256: "1b92bec4fc2a72f59a8e15af5f52cd441e4a7860b49499d69dfa817af20e925d"
      url: "https://pub.dev"
    source: hosted
    version: "6.1.4"
  firebase_core:
    dependency: "direct main"
    description:
      name: firebase_core
      sha256: fe30ac230f12f8836bb97e6e09197340d3c584526825b1746ea362a82e1e43f7
      url: "https://pub.dev"
    source: hosted
    version: "2.7.0"
  firebase_core_platform_interface:
    dependency: transitive
    description:
      name: firebase_core_platform_interface
      sha256: "5615b30c36f55b2777d0533771deda7e5730e769e5d3cb7fda79e9bed86cfa55"
      url: "https://pub.dev"
    source: hosted
    version: "4.5.3"
  firebase_core_web:
    dependency: transitive
    description:
      name: firebase_core_web
      sha256: "291fbcace608aca6c860652e1358ef89752be8cc3ef227f8bbcd1e62775b833a"
      url: "https://pub.dev"
    source: hosted
    version: "2.2.1"
  firebase_storage:
    dependency: "direct main"
    description:
      name: firebase_storage
      sha256: fac4ebf20da0ff7c7f23596d741130a85e8bd5fac4cabf8f568f38ba55fba19d
      url: "https://pub.dev"
    source: hosted
    version: "11.0.14"
  firebase_storage_platform_interface:
    dependency: transitive
    description:
      name: firebase_storage_platform_interface
      sha256: c58dedec6d12416306e08dde463f3c65443aa2d5ccc100856ae7da75bab63e29
      url: "https://pub.dev"
    source: hosted
    version: "4.1.30"
  firebase_storage_web:
    dependency: transitive
    description:
      name: firebase_storage_web
      sha256: "28e2c6317214f63af56b1b3f2907d168534a7629ec24269b036556f399063d5a"
      url: "https://pub.dev"
    source: hosted
    version: "3.3.23"
  flutter:
    dependency: "direct main"
    description: flutter
    source: sdk
    version: "0.0.0"
  flutter_countdown_timer:
    dependency: "direct main"
    description:
      name: flutter_countdown_timer
      sha256: dfcbd7d6f76a5589f78f3f3ba2f9ea2e199368eccc1adce4153ce985b9587bc5
      url: "https://pub.dev"
    source: hosted
    version: "4.1.0"
  flutter_hooks:
    dependency: "direct main"
    description:
      name: flutter_hooks
      sha256: "6a126f703b89499818d73305e4ce1e3de33b4ae1c5512e3b8eab4b986f46774c"
      url: "https://pub.dev"
    source: hosted
    version: "0.18.6"
  flutter_launcher_icons:
    dependency: "direct dev"
    description:
      name: flutter_launcher_icons
      sha256: a9de6706cd844668beac27c0aed5910fa0534832b3c2cad61a5fd977fce82a5d
      url: "https://pub.dev"
    source: hosted
    version: "0.10.0"
  flutter_lints:
    dependency: "direct dev"
    description:
      name: flutter_lints
      sha256: aeb0b80a8b3709709c9cc496cdc027c5b3216796bc0af0ce1007eaf24464fd4c
      url: "https://pub.dev"
    source: hosted
    version: "2.0.1"
  flutter_plugin_android_lifecycle:
    dependency: transitive
    description:
      name: flutter_plugin_android_lifecycle
      sha256: "60fc7b78455b94e6de2333d2f95196d32cf5c22f4b0b0520a628804cb463503b"
      url: "https://pub.dev"
    source: hosted
    version: "2.0.7"
  flutter_riverpod:
    dependency: "direct main"
    description:
      name: flutter_riverpod
      sha256: "40c0d7d03ccd24fa32ea08dcfc4df9bb92c4c26c9a91938945da3be10ed8ca83"
      url: "https://pub.dev"
    source: hosted
    version: "2.3.0"
  flutter_test:
    dependency: "direct dev"
    description: flutter
    source: sdk
    version: "0.0.0"
  flutter_web_plugins:
    dependency: transitive
    description: flutter
    source: sdk
    version: "0.0.0"
  freezed_annotation:
    dependency: transitive
    description:
      name: freezed_annotation
      sha256: aeac15850ef1b38ee368d4c53ba9a847e900bb2c53a4db3f6881cbb3cb684338
      url: "https://pub.dev"
    source: hosted
    version: "2.2.0"
  glob:
    dependency: transitive
    description:
      name: glob
      sha256: "4515b5b6ddb505ebdd242a5f2cc5d22d3d6a80013789debfbda7777f47ea308c"
      url: "https://pub.dev"
    source: hosted
    version: "2.1.1"
  go_router:
    dependency: "direct main"
    description:
      name: go_router
      sha256: b4bb06205ec607278b6fc23db238278417bca84a3905779cc68d1eb7afae37e2
      url: "https://pub.dev"
    source: hosted
    version: "6.2.0"
  google_fonts:
    dependency: "direct main"
    description:
      name: google_fonts
      sha256: "927573f2e8a8d65c17931e21918ad0ab0666b1b636537de7c4932bdb487b190f"
      url: "https://pub.dev"
    source: hosted
    version: "4.0.3"
  hooks_riverpod:
    dependency: "direct main"
    description:
      name: hooks_riverpod
      sha256: "048d5d912b9e5ef9db4d274d201a2bfe4270e5694ff5c6719b593d4ae9c512c7"
      url: "https://pub.dev"
    source: hosted
    version: "2.3.0"
  hotreloader:
    dependency: transitive
    description:
      name: hotreloader
      sha256: "66b78edf340352fcdd2043ab6116e58ec018c5968cab6485cde0f1769d28e0b8"
      url: "https://pub.dev"
    source: hosted
    version: "3.0.5"
  http:
    dependency: transitive
    description:
      name: http
      sha256: "6aa2946395183537c8b880962d935877325d6a09a2867c3970c05c0fed6ac482"
      url: "https://pub.dev"
    source: hosted
    version: "0.13.5"
  http_parser:
    dependency: transitive
    description:
      name: http_parser
      sha256: db3060f22889f3d9d55f6a217565486737037eec3609f7f3eca4d0c67ee0d8a0
      url: "https://pub.dev"
    source: hosted
    version: "4.0.1"
  image:
    dependency: transitive
    description:
      name: image
      sha256: "9d2c5f73435a70a936d317769ee8e7ef480e37674b9f2bce95ea98969a307855"
      url: "https://pub.dev"
    source: hosted
    version: "3.2.0"
  image_picker:
    dependency: "direct main"
    description:
      name: image_picker
      sha256: "715d68a53d6bcc2eae26005097dc74c375a04c0d7c0e657da84deebbbbbf51ed"
      url: "https://pub.dev"
    source: hosted
    version: "0.8.6+4"
  image_picker_android:
    dependency: transitive
    description:
      name: image_picker_android
      sha256: "822f71a53336bf1e638dbf955047080ca49ba0197f52c4fece9cf584c368648a"
      url: "https://pub.dev"
    source: hosted
    version: "0.8.5+3"
  image_picker_for_web:
    dependency: transitive
    description:
      name: image_picker_for_web
      sha256: "7d319fb74955ca46d9bf7011497860e3923bb67feebcf068f489311065863899"
      url: "https://pub.dev"
    source: hosted
    version: "2.1.10"
  image_picker_ios:
    dependency: transitive
    description:
      name: image_picker_ios
      sha256: "1768087441bd69ca632249d212c26fa8d530552d37b4896a4dd8d6781435c147"
      url: "https://pub.dev"
    source: hosted
    version: "0.8.6+1"
  image_picker_platform_interface:
    dependency: transitive
    description:
      name: image_picker_platform_interface
      sha256: "7cef2f28f4f2fef99180f636c3d446b4ccbafd6ba0fad2adc9a80c4040f656b8"
      url: "https://pub.dev"
    source: hosted
    version: "2.6.2"
  intl:
    dependency: "direct main"
    description:
      name: intl
      sha256: a3715e3bc90294e971cb7dc063fbf3cd9ee0ebf8604ffeafabd9e6f16abbdbe6
      url: "https://pub.dev"
    source: hosted
    version: "0.18.0"
  ionicons:
    dependency: "direct main"
    description:
      name: ionicons
      sha256: "5496bc65a16115ecf05b15b78f494ee4a8869504357668f0a11d689e970523cf"
      url: "https://pub.dev"
    source: hosted
    version: "0.2.2"
  js:
    dependency: transitive
    description:
      name: js
      sha256: f2c445dce49627136094980615a031419f7f3eb393237e4ecd97ac15dea343f3
      url: "https://pub.dev"
    source: hosted
    version: "0.6.7"
  json_annotation:
    dependency: transitive
    description:
      name: json_annotation
      sha256: "3520fa844009431b5d4491a5a778603520cdc399ab3406332dcc50f93547258c"
      url: "https://pub.dev"
    source: hosted
    version: "4.7.0"
  lints:
    dependency: transitive
    description:
      name: lints
      sha256: "5cfd6509652ff5e7fe149b6df4859e687fca9048437857cb2e65c8d780f396e3"
      url: "https://pub.dev"
    source: hosted
    version: "2.0.0"
  logging:
    dependency: transitive
    description:
      name: logging
      sha256: c0bbfe94d46aedf9b8b3e695cf3bd48c8e14b35e3b2c639e0aa7755d589ba946
      url: "https://pub.dev"
    source: hosted
    version: "1.1.0"
  lottie:
    dependency: "direct main"
    description:
      name: lottie
      sha256: "49bbc544e44bf0c734ccda29b182e3516a12f5021ea98b206cf31a168b0f97da"
      url: "https://pub.dev"
    source: hosted
    version: "2.2.0"
  matcher:
    dependency: transitive
    description:
      name: matcher
      sha256: c94db23593b89766cda57aab9ac311e3616cf87c6fa4e9749df032f66f30dcb8
      url: "https://pub.dev"
    source: hosted
    version: "0.12.14"
  material_color_utilities:
    dependency: transitive
    description:
      name: material_color_utilities
      sha256: d92141dc6fe1dad30722f9aa826c7fbc896d021d792f80678280601aff8cf724
      url: "https://pub.dev"
    source: hosted
    version: "0.2.0"
  meta:
    dependency: transitive
    description:
      name: meta
      sha256: "12307e7f0605ce3da64cf0db90e5fcab0869f3ca03f76be6bb2991ce0a55e82b"
      url: "https://pub.dev"
    source: hosted
    version: "1.9.0"
  multiple_stream_builder:
    dependency: "direct main"
    description:
      name: multiple_stream_builder
      sha256: fec7a8909d0942d1a8d726b7e3057bd73e2ab64a5ae2da6b7b44a959f17f09fb
      url: "https://pub.dev"
    source: hosted
    version: "3.0.2"
  nested:
    dependency: transitive
    description:
      name: nested
      sha256: "03bac4c528c64c95c722ec99280375a6f2fc708eec17c7b3f07253b626cd2a20"
      url: "https://pub.dev"
    source: hosted
    version: "1.0.0"
  package_config:
    dependency: transitive
    description:
      name: package_config
      sha256: "1c5b77ccc91e4823a5af61ee74e6b972db1ef98c2ff5a18d3161c982a55448bd"
      url: "https://pub.dev"
    source: hosted
    version: "2.1.0"
  path:
    dependency: transitive
    description:
      name: path
      sha256: "8829d8a55c13fc0e37127c29fedf290c102f4e40ae94ada574091fe0ff96c917"
      url: "https://pub.dev"
    source: hosted
    version: "1.8.3"
  path_provider:
    dependency: transitive
    description:
      name: path_provider
      sha256: "050e8e85e4b7fecdf2bb3682c1c64c4887a183720c802d323de8a5fd76d372dd"
      url: "https://pub.dev"
    source: hosted
    version: "2.0.11"
  path_provider_android:
    dependency: transitive
    description:
      name: path_provider_android
      sha256: "4d5542667150f5b779ba411dd5dc0b674a85d1355e45bda2877e0e82f4ad08d8"
      url: "https://pub.dev"
    source: hosted
    version: "2.0.20"
  path_provider_ios:
    dependency: transitive
    description:
      name: path_provider_ios
      sha256: "03d639406f5343478352433f00d3c4394d52dac8df3d847869c5e2333e0bbce8"
      url: "https://pub.dev"
    source: hosted
    version: "2.0.11"
  path_provider_linux:
    dependency: transitive
    description:
      name: path_provider_linux
      sha256: ab0987bf95bc591da42dffb38c77398fc43309f0b9b894dcc5d6f40c4b26c379
      url: "https://pub.dev"
    source: hosted
    version: "2.1.7"
  path_provider_macos:
    dependency: transitive
    description:
      name: path_provider_macos
      sha256: "2a97e7fbb7ae9dcd0dfc1220a78e9ec3e71da691912e617e8715ff2a13086ae8"
      url: "https://pub.dev"
    source: hosted
    version: "2.0.6"
  path_provider_platform_interface:
    dependency: transitive
    description:
      name: path_provider_platform_interface
      sha256: f0abc8ebd7253741f05488b4813d936b4d07c6bae3e86148a09e342ee4b08e76
      url: "https://pub.dev"
    source: hosted
    version: "2.0.5"
  path_provider_windows:
    dependency: transitive
    description:
      name: path_provider_windows
      sha256: bcabbe399d4042b8ee687e17548d5d3f527255253b4a639f5f8d2094a9c2b45c
      url: "https://pub.dev"
    source: hosted
    version: "2.1.3"
  petitparser:
    dependency: transitive
    description:
      name: petitparser
      sha256: "2ebb289dc4764ec397f5cd3ca9881c6d17196130a7d646ed022a0dd9c2e25a71"
      url: "https://pub.dev"
    source: hosted
    version: "5.0.0"
  platform:
    dependency: transitive
    description:
      name: platform
      sha256: "4a451831508d7d6ca779f7ac6e212b4023dd5a7d08a27a63da33756410e32b76"
      url: "https://pub.dev"
    source: hosted
    version: "3.1.0"
  plugin_platform_interface:
    dependency: transitive
    description:
      name: plugin_platform_interface
      sha256: dbf0f707c78beedc9200146ad3cb0ab4d5da13c246336987be6940f026500d3a
      url: "https://pub.dev"
    source: hosted
    version: "2.1.3"
  process:
    dependency: transitive
    description:
      name: process
      sha256: "53fd8db9cec1d37b0574e12f07520d582019cb6c44abf5479a01505099a34a09"
      url: "https://pub.dev"
    source: hosted
    version: "4.2.4"
  provider:
    dependency: "direct main"
    description:
      name: provider
      sha256: cdbe7530b12ecd9eb455bdaa2fcb8d4dad22e80b8afb4798b41479d5ce26847f
      url: "https://pub.dev"
    source: hosted
    version: "6.0.5"
  pub_semver:
    dependency: transitive
    description:
      name: pub_semver
      sha256: "307de764d305289ff24ad257ad5c5793ce56d04947599ad68b3baa124105fc17"
      url: "https://pub.dev"
    source: hosted
    version: "2.1.3"
  pubspec_parse:
    dependency: transitive
    description:
      name: pubspec_parse
      sha256: "75f6614d6dde2dc68948dffbaa4fe5dae32cd700eb9fb763fe11dfb45a3c4d0a"
      url: "https://pub.dev"
    source: hosted
    version: "1.2.1"
  recase:
    dependency: transitive
    description:
      name: recase
      sha256: e4eb4ec2dcdee52dcf99cb4ceabaffc631d7424ee55e56f280bc039737f89213
      url: "https://pub.dev"
    source: hosted
    version: "4.1.0"
  riverpod:
    dependency: transitive
    description:
      name: riverpod
      sha256: c5aea6c3fed340707f013a023a37ab388bf45611a8a4f7e76b5e9007eb76cd25
      url: "https://pub.dev"
    source: hosted
    version: "2.3.0"
  riverpod_analyzer_utils:
    dependency: transitive
    description:
      name: riverpod_analyzer_utils
      sha256: "51f415c7b8ed8fbb0114f7c18de015b1465b3311bf75683a209ee2f680bac160"
      url: "https://pub.dev"
    source: hosted
    version: "0.1.1"
  riverpod_lint:
    dependency: "direct main"
    description:
      name: riverpod_lint
      sha256: "3a308e7c66a657e8e0060b7f24cb0e88259434a28e6cef191ff8e5fb41dbec8a"
      url: "https://pub.dev"
    source: hosted
    version: "1.1.2"
  rxdart:
    dependency: transitive
    description:
      name: rxdart
      sha256: "0c7c0cedd93788d996e33041ffecda924cc54389199cde4e6a34b440f50044cb"
      url: "https://pub.dev"
    source: hosted
    version: "0.27.7"
  sky_engine:
    dependency: transitive
    description: flutter
    source: sdk
    version: "0.0.99"
  source_span:
    dependency: transitive
    description:
      name: source_span
      sha256: dd904f795d4b4f3b870833847c461801f6750a9fa8e61ea5ac53f9422b31f250
      url: "https://pub.dev"
    source: hosted
    version: "1.9.1"
  stack_trace:
    dependency: transitive
    description:
      name: stack_trace
      sha256: c3c7d8edb15bee7f0f74debd4b9c5f3c2ea86766fe4178eb2a18eb30a0bdaed5
      url: "https://pub.dev"
    source: hosted
    version: "1.11.0"
  state_notifier:
    dependency: transitive
    description:
      name: state_notifier
      sha256: "8fe42610f179b843b12371e40db58c9444f8757f8b69d181c97e50787caed289"
      url: "https://pub.dev"
    source: hosted
    version: "0.7.2+1"
  stream_channel:
    dependency: transitive
    description:
      name: stream_channel
      sha256: "83615bee9045c1d322bbbd1ba209b7a749c2cbcdcb3fdd1df8eb488b3279c1c8"
      url: "https://pub.dev"
    source: hosted
    version: "2.1.1"
  stream_transform:
    dependency: transitive
    description:
      name: stream_transform
      sha256: "14a00e794c7c11aa145a170587321aedce29769c08d7f58b1d141da75e3b1c6f"
      url: "https://pub.dev"
    source: hosted
    version: "2.1.0"
  string_scanner:
    dependency: transitive
    description:
      name: string_scanner
      sha256: "556692adab6cfa87322a115640c11f13cb77b3f076ddcc5d6ae3c20242bedcde"
      url: "https://pub.dev"
    source: hosted
    version: "1.2.0"
  term_glyph:
    dependency: transitive
    description:
      name: term_glyph
      sha256: a29248a84fbb7c79282b40b8c72a1209db169a2e0542bce341da992fe1bc7e84
      url: "https://pub.dev"
    source: hosted
    version: "1.2.1"
  test_api:
    dependency: transitive
    description:
      name: test_api
      sha256: "6182294da5abf431177fccc1ee02401f6df30f766bc6130a0852c6b6d7ee6b2d"
      url: "https://pub.dev"
    source: hosted
    version: "0.4.18"
  typed_data:
    dependency: transitive
    description:
      name: typed_data
      sha256: "26f87ade979c47a150c9eaab93ccd2bebe70a27dc0b4b29517f2904f04eb11a5"
      url: "https://pub.dev"
    source: hosted
    version: "1.3.1"
  uuid:
    dependency: "direct main"
    description:
      name: uuid
      sha256: "648e103079f7c64a36dc7d39369cabb358d377078a051d6ae2ad3aa539519313"
      url: "https://pub.dev"
    source: hosted
    version: "3.0.7"
  vector_math:
    dependency: transitive
    description:
      name: vector_math
      sha256: "80b3257d1492ce4d091729e3a67a60407d227c27241d6927be0130c98e741803"
      url: "https://pub.dev"
    source: hosted
    version: "2.1.4"
  very_good_analysis:
    dependency: "direct main"
    description:
      name: very_good_analysis
      sha256: ebc48c51db35beeeec8c414e32f7bd78e612bd7f5992ccb0d46e19edaeb40b08
      url: "https://pub.dev"
    source: hosted
    version: "4.0.0+1"
  vm_service:
    dependency: transitive
    description:
      name: vm_service
      sha256: e7fb6c2282f7631712b69c19d1bff82f3767eea33a2321c14fa59ad67ea391c7
      url: "https://pub.dev"
    source: hosted
    version: "9.4.0"
  watcher:
    dependency: transitive
    description:
      name: watcher
      sha256: "6a7f46926b01ce81bfc339da6a7f20afbe7733eff9846f6d6a5466aa4c6667c0"
      url: "https://pub.dev"
    source: hosted
    version: "1.0.2"
  win32:
    dependency: transitive
    description:
      name: win32
      sha256: "1952a663c0e34fbde55916010d54bbb249bf5f2583113c497602f0ee01c6faa4"
      url: "https://pub.dev"
    source: hosted
    version: "3.0.0"
  xdg_directories:
    dependency: transitive
    description:
      name: xdg_directories
      sha256: "11541eedefbcaec9de35aa82650b695297ce668662bbd6e3911a7fabdbde589f"
      url: "https://pub.dev"
    source: hosted
    version: "0.2.0+2"
  xml:
    dependency: transitive
    description:
      name: xml
      sha256: ac0e3f4bf00ba2708c33fbabbbe766300e509f8c82dbd4ab6525039813f7e2fb
      url: "https://pub.dev"
    source: hosted
    version: "6.1.0"
  yaml:
    dependency: transitive
    description:
      name: yaml
      sha256: "23812a9b125b48d4007117254bca50abb6c712352927eece9e155207b1db2370"
      url: "https://pub.dev"
    source: hosted
    version: "3.1.1"
sdks:
  dart: ">=2.19.0 <4.0.0"
  flutter: ">=3.3.0"
